
Microsoft Visual Studio Solution File, Format Version 12.00
# Visual Studio 14
VisualStudioVersion = 14.0.25420.1
MinimumVisualStudioVersion = 10.0.40219.1
Project("{8BB2217D-0F2D-49D1-97BC-3654ED321F3B}") = "AuthService", "AuthService.xproj", "{B330AE35-FA2E-4B09-8075-EF5EB38CB930}"
EndProject
Project("{8BB2217D-0F2D-49D1-97BC-3654ED321F3B}") = "AuthService.Test", "..\..\test\AuthService.Test\AuthService.Test.xproj", "{62F75467-A4DC-4749-8D93-319ED882A6A8}"
EndProject
Global
	GlobalSection(SolutionConfigurationPlatforms) = preSolution
		Debug|Any CPU = Debug|Any CPU
		Release|Any CPU = Release|Any CPU
	EndGlobalSection
	GlobalSection(ProjectConfigurationPlatforms) = postSolution
		{B330AE35-FA2E-4B09-8075-EF5EB38CB930}.Debug|Any CPU.ActiveCfg = Debug|Any CPU
		{B330AE35-FA2E-4B09-8075-EF5EB38CB930}.Debug|Any CPU.Build.0 = Debug|Any CPU
		{B330AE35-FA2E-4B09-8075-EF5EB38CB930}.Release|Any CPU.ActiveCfg = Release|Any CPU
		{B330AE35-FA2E-4B09-8075-EF5EB38CB930}.Release|Any CPU.Build.0 = Release|Any CPU
		{62F75467-A4DC-4749-8D93-319ED882A6A8}.Debug|Any CPU.ActiveCfg = Debug|Any CPU
		{62F75467-A4DC-4749-8D93-319ED882A6A8}.Debug|Any CPU.Build.0 = Debug|Any CPU
		{62F75467-A4DC-4749-8D93-319ED882A6A8}.Release|Any CPU.ActiveCfg = Release|Any CPU
		{62F75467-A4DC-4749-8D93-319ED882A6A8}.Release|Any CPU.Build.0 = Release|Any CPU
	EndGlobalSection
	GlobalSection(SolutionProperties) = preSolution
		HideSolutionNode = FALSE
	EndGlobalSection
EndGlobal
